// !$*UTF8*$!
{
	archiveVersion = 1;
	classes = {
	};
	objectVersion = 56;
	objects = {

/* Begin PBXBuildFile section */
		E271442D2C1CE63400837CE4 /* FetchRecipesApp.swift in Sources */ = {isa = PBXBuildFile; fileRef = E271442C2C1CE63400837CE4 /* FetchRecipesApp.swift */; };
		E27144312C1CE63600837CE4 /* Assets.xcassets in Resources */ = {isa = PBXBuildFile; fileRef = E27144302C1CE63600837CE4 /* Assets.xcassets */; };
		E27144342C1CE63600837CE4 /* Preview Assets.xcassets in Resources */ = {isa = PBXBuildFile; fileRef = E27144332C1CE63600837CE4 /* Preview Assets.xcassets */; };
		E271443E2C1CE63600837CE4 /* FetchRecipesTests.swift in Sources */ = {isa = PBXBuildFile; fileRef = E271443D2C1CE63600837CE4 /* FetchRecipesTests.swift */; };
		E27144482C1CE63600837CE4 /* FetchRecipesUITests.swift in Sources */ = {isa = PBXBuildFile; fileRef = E27144472C1CE63600837CE4 /* FetchRecipesUITests.swift */; };
		E271444A2C1CE63600837CE4 /* FetchRecipesUITestsLaunchTests.swift in Sources */ = {isa = PBXBuildFile; fileRef = E27144492C1CE63600837CE4 /* FetchRecipesUITestsLaunchTests.swift */; };
		E2DFBAC32C1D1CDD0045DE7F /* RecipeListView.swift in Sources */ = {isa = PBXBuildFile; fileRef = E271442E2C1CE63400837CE4 /* RecipeListView.swift */; };
		E2DFBAC62C1D1FF70045DE7F /* Constants.swift in Sources */ = {isa = PBXBuildFile; fileRef = E2DFBAC52C1D1FF70045DE7F /* Constants.swift */; };
		E2DFBAC92C1D23810045DE7F /* APIService.swift in Sources */ = {isa = PBXBuildFile; fileRef = E2DFBAC82C1D23810045DE7F /* APIService.swift */; };
		E2DFBACC2C1D47DC0045DE7F /* Recipe.swift in Sources */ = {isa = PBXBuildFile; fileRef = E2DFBACB2C1D47DC0045DE7F /* Recipe.swift */; };
		E2DFBACE2C1D5E1A0045DE7F /* RecipeView.swift in Sources */ = {isa = PBXBuildFile; fileRef = E2DFBACD2C1D5E1A0045DE7F /* RecipeView.swift */; };
		E2DFBAD12C1E26590045DE7F /* RecipeListViewModel.swift in Sources */ = {isa = PBXBuildFile; fileRef = E2DFBAD02C1E26590045DE7F /* RecipeListViewModel.swift */; };
/* End PBXBuildFile section */

/* Begin PBXContainerItemProxy section */
		E271443A2C1CE63600837CE4 /* PBXContainerItemProxy */ = {
			isa = PBXContainerItemProxy;
			containerPortal = E27144212C1CE63400837CE4 /* Project object */;
			proxyType = 1;
			remoteGlobalIDString = E27144282C1CE63400837CE4;
			remoteInfo = FetchRecipes;
		};
		E27144442C1CE63600837CE4 /* PBXContainerItemProxy */ = {
			isa = PBXContainerItemProxy;
			containerPortal = E27144212C1CE63400837CE4 /* Project object */;
			proxyType = 1;
			remoteGlobalIDString = E27144282C1CE63400837CE4;
			remoteInfo = FetchRecipes;
		};
/* End PBXContainerItemProxy section */

/* Begin PBXFileReference section */
		E27144292C1CE63400837CE4 /* FetchRecipes.app */ = {isa = PBXFileReference; explicitFileType = wrapper.application; includeInIndex = 0; path = FetchRecipes.app; sourceTree = BUILT_PRODUCTS_DIR; };
		E271442C2C1CE63400837CE4 /* FetchRecipesApp.swift */ = {isa = PBXFileReference; lastKnownFileType = sourcecode.swift; name = FetchRecipesApp.swift; path = FetchRecipes/FetchRecipesApp.swift; sourceTree = SOURCE_ROOT; };
		E271442E2C1CE63400837CE4 /* RecipeListView.swift */ = {isa = PBXFileReference; lastKnownFileType = sourcecode.swift; name = RecipeListView.swift; path = FetchRecipes/Views/RecipeListView.swift; sourceTree = SOURCE_ROOT; };
		E27144302C1CE63600837CE4 /* Assets.xcassets */ = {isa = PBXFileReference; lastKnownFileType = folder.assetcatalog; path = Assets.xcassets; sourceTree = "<group>"; };
		E27144332C1CE63600837CE4 /* Preview Assets.xcassets */ = {isa = PBXFileReference; lastKnownFileType = folder.assetcatalog; path = "Preview Assets.xcassets"; sourceTree = "<group>"; };
		E27144392C1CE63600837CE4 /* FetchRecipesTests.xctest */ = {isa = PBXFileReference; explicitFileType = wrapper.cfbundle; includeInIndex = 0; path = FetchRecipesTests.xctest; sourceTree = BUILT_PRODUCTS_DIR; };
		E271443D2C1CE63600837CE4 /* FetchRecipesTests.swift */ = {isa = PBXFileReference; lastKnownFileType = sourcecode.swift; path = FetchRecipesTests.swift; sourceTree = "<group>"; };
		E27144432C1CE63600837CE4 /* FetchRecipesUITests.xctest */ = {isa = PBXFileReference; explicitFileType = wrapper.cfbundle; includeInIndex = 0; path = FetchRecipesUITests.xctest; sourceTree = BUILT_PRODUCTS_DIR; };
		E27144472C1CE63600837CE4 /* FetchRecipesUITests.swift */ = {isa = PBXFileReference; lastKnownFileType = sourcecode.swift; path = FetchRecipesUITests.swift; sourceTree = "<group>"; };
		E27144492C1CE63600837CE4 /* FetchRecipesUITestsLaunchTests.swift */ = {isa = PBXFileReference; lastKnownFileType = sourcecode.swift; path = FetchRecipesUITestsLaunchTests.swift; sourceTree = "<group>"; };
		E2DFBAC52C1D1FF70045DE7F /* Constants.swift */ = {isa = PBXFileReference; lastKnownFileType = sourcecode.swift; name = Constants.swift; path = FetchRecipes/Utilities/Constants.swift; sourceTree = SOURCE_ROOT; };
		E2DFBAC82C1D23810045DE7F /* APIService.swift */ = {isa = PBXFileReference; lastKnownFileType = sourcecode.swift; name = APIService.swift; path = FetchRecipes/Services/APIService.swift; sourceTree = SOURCE_ROOT; };
		E2DFBACB2C1D47DC0045DE7F /* Recipe.swift */ = {isa = PBXFileReference; lastKnownFileType = sourcecode.swift; path = Recipe.swift; sourceTree = "<group>"; };
		E2DFBACD2C1D5E1A0045DE7F /* RecipeView.swift */ = {isa = PBXFileReference; lastKnownFileType = sourcecode.swift; path = RecipeView.swift; sourceTree = "<group>"; };
		E2DFBAD02C1E26590045DE7F /* RecipeListViewModel.swift */ = {isa = PBXFileReference; lastKnownFileType = sourcecode.swift; path = RecipeListViewModel.swift; sourceTree = "<group>"; };
/* End PBXFileReference section */

/* Begin PBXFrameworksBuildPhase section */
		E27144262C1CE63400837CE4 /* Frameworks */ = {
			isa = PBXFrameworksBuildPhase;
			buildActionMask = 2147483647;
			files = (
			);
			runOnlyForDeploymentPostprocessing = 0;
		};
		E27144362C1CE63600837CE4 /* Frameworks */ = {
			isa = PBXFrameworksBuildPhase;
			buildActionMask = 2147483647;
			files = (
			);
			runOnlyForDeploymentPostprocessing = 0;
		};
		E27144402C1CE63600837CE4 /* Frameworks */ = {
			isa = PBXFrameworksBuildPhase;
			buildActionMask = 2147483647;
			files = (
			);
			runOnlyForDeploymentPostprocessing = 0;
		};
/* End PBXFrameworksBuildPhase section */

/* Begin PBXGroup section */
		E27144202C1CE63400837CE4 = {
			isa = PBXGroup;
			children = (
				E271442B2C1CE63400837CE4 /* FetchRecipes */,
				E271443C2C1CE63600837CE4 /* FetchRecipesTests */,
				E27144462C1CE63600837CE4 /* FetchRecipesUITests */,
				E271442A2C1CE63400837CE4 /* Products */,
			);
			sourceTree = "<group>";
		};
		E271442A2C1CE63400837CE4 /* Products */ = {
			isa = PBXGroup;
			children = (
				E27144292C1CE63400837CE4 /* FetchRecipes.app */,
				E27144392C1CE63600837CE4 /* FetchRecipesTests.xctest */,
				E27144432C1CE63600837CE4 /* FetchRecipesUITests.xctest */,
			);
			name = Products;
			sourceTree = "<group>";
		};
		E271442B2C1CE63400837CE4 /* FetchRecipes */ = {
			isa = PBXGroup;
			children = (
				E2DFBACF2C1E263E0045DE7F /* ViewModels */,
				E2DFBACA2C1D47C80045DE7F /* Models */,
				E2DFBAC72C1D23600045DE7F /* Services */,
				E2DFBAC42C1D1FD20045DE7F /* Utilities */,
				E2DFBAC22C1D1CA90045DE7F /* Views */,
				E271442C2C1CE63400837CE4 /* FetchRecipesApp.swift */,
				E27144302C1CE63600837CE4 /* Assets.xcassets */,
				E27144322C1CE63600837CE4 /* Preview Content */,
			);
			path = FetchRecipes;
			sourceTree = "<group>";
		};
		E27144322C1CE63600837CE4 /* Preview Content */ = {
			isa = PBXGroup;
			children = (
				E27144332C1CE63600837CE4 /* Preview Assets.xcassets */,
			);
			path = "Preview Content";
			sourceTree = "<group>";
		};
		E271443C2C1CE63600837CE4 /* FetchRecipesTests */ = {
			isa = PBXGroup;
			children = (
				E271443D2C1CE63600837CE4 /* FetchRecipesTests.swift */,
			);
			path = FetchRecipesTests;
			sourceTree = "<group>";
		};
		E27144462C1CE63600837CE4 /* FetchRecipesUITests */ = {
			isa = PBXGroup;
			children = (
				E27144472C1CE63600837CE4 /* FetchRecipesUITests.swift */,
				E27144492C1CE63600837CE4 /* FetchRecipesUITestsLaunchTests.swift */,
			);
			path = FetchRecipesUITests;
			sourceTree = "<group>";
		};
		E2DFBAC22C1D1CA90045DE7F /* Views */ = {
			isa = PBXGroup;
			children = (
				E271442E2C1CE63400837CE4 /* RecipeListView.swift */,
				E2DFBACD2C1D5E1A0045DE7F /* RecipeView.swift */,
			);
			name = Views;
			path = FetchRecipes/Views;
			sourceTree = SOURCE_ROOT;
		};
		E2DFBAC42C1D1FD20045DE7F /* Utilities */ = {
			isa = PBXGroup;
			children = (
				E2DFBAC52C1D1FF70045DE7F /* Constants.swift */,
			);
			name = Utilities;
			path = FetchRecipes/Utilities;
			sourceTree = SOURCE_ROOT;
		};
		E2DFBAC72C1D23600045DE7F /* Services */ = {
			isa = PBXGroup;
			children = (
				E2DFBAC82C1D23810045DE7F /* APIService.swift */,
			);
			name = Services;
			path = FetchRecipes/Services;
			sourceTree = SOURCE_ROOT;
		};
		E2DFBACA2C1D47C80045DE7F /* Models */ = {
			isa = PBXGroup;
			children = (
				E2DFBACB2C1D47DC0045DE7F /* Recipe.swift */,
			);
			path = Models;
			sourceTree = "<group>";
		};
		E2DFBACF2C1E263E0045DE7F /* ViewModels */ = {
			isa = PBXGroup;
			children = (
				E2DFBAD02C1E26590045DE7F /* RecipeListViewModel.swift */,
			);
			path = ViewModels;
			sourceTree = "<group>";
		};
/* End PBXGroup section */

/* Begin PBXNativeTarget section */
		E27144282C1CE63400837CE4 /* FetchRecipes */ = {
			isa = PBXNativeTarget;
			buildConfigurationList = E271444D2C1CE63600837CE4 /* Build configuration list for PBXNativeTarget "FetchRecipes" */;
			buildPhases = (
				E27144252C1CE63400837CE4 /* Sources */,
				E27144262C1CE63400837CE4 /* Frameworks */,
				E27144272C1CE63400837CE4 /* Resources */,
			);
			buildRules = (
			);
			dependencies = (
			);
			name = FetchRecipes;
			productName = FetchRecipes;
			productReference = E27144292C1CE63400837CE4 /* FetchRecipes.app */;
			productType = "com.apple.product-type.application";
		};
		E27144382C1CE63600837CE4 /* FetchRecipesTests */ = {
			isa = PBXNativeTarget;
			buildConfigurationList = E27144502C1CE63600837CE4 /* Build configuration list for PBXNativeTarget "FetchRecipesTests" */;
			buildPhases = (
				E27144352C1CE63600837CE4 /* Sources */,
				E27144362C1CE63600837CE4 /* Frameworks */,
				E27144372C1CE63600837CE4 /* Resources */,
			);
			buildRules = (
			);
			dependencies = (
				E271443B2C1CE63600837CE4 /* PBXTargetDependency */,
			);
			name = FetchRecipesTests;
			productName = FetchRecipesTests;
			productReference = E27144392C1CE63600837CE4 /* FetchRecipesTests.xctest */;
			productType = "com.apple.product-type.bundle.unit-test";
		};
		E27144422C1CE63600837CE4 /* FetchRecipesUITests */ = {
			isa = PBXNativeTarget;
			buildConfigurationList = E27144532C1CE63600837CE4 /* Build configuration list for PBXNativeTarget "FetchRecipesUITests" */;
			buildPhases = (
				E271443F2C1CE63600837CE4 /* Sources */,
				E27144402C1CE63600837CE4 /* Frameworks */,
				E27144412C1CE63600837CE4 /* Resources */,
			);
			buildRules = (
			);
			dependencies = (
				E27144452C1CE63600837CE4 /* PBXTargetDependency */,
			);
			name = FetchRecipesUITests;
			productName = FetchRecipesUITests;
			productReference = E27144432C1CE63600837CE4 /* FetchRecipesUITests.xctest */;
			productType = "com.apple.product-type.bundle.ui-testing";
		};
/* End PBXNativeTarget section */

/* Begin PBXProject section */
		E27144212C1CE63400837CE4 /* Project object */ = {
			isa = PBXProject;
			attributes = {
				BuildIndependentTargetsInParallel = 1;
				LastSwiftUpdateCheck = 1540;
				LastUpgradeCheck = 1540;
				TargetAttributes = {
					E27144282C1CE63400837CE4 = {
						CreatedOnToolsVersion = 15.4;
					};
					E27144382C1CE63600837CE4 = {
						CreatedOnToolsVersion = 15.4;
						TestTargetID = E27144282C1CE63400837CE4;
					};
					E27144422C1CE63600837CE4 = {
						CreatedOnToolsVersion = 15.4;
						TestTargetID = E27144282C1CE63400837CE4;
					};
				};
			};
			buildConfigurationList = E27144242C1CE63400837CE4 /* Build configuration list for PBXProject "FetchRecipes" */;
			compatibilityVersion = "Xcode 14.0";
			developmentRegion = en;
			hasScannedForEncodings = 0;
			knownRegions = (
				en,
				Base,
			);
			mainGroup = E27144202C1CE63400837CE4;
			productRefGroup = E271442A2C1CE63400837CE4 /* Products */;
			projectDirPath = "";
			projectRoot = "";
			targets = (
				E27144282C1CE63400837CE4 /* FetchRecipes */,
				E27144382C1CE63600837CE4 /* FetchRecipesTests */,
				E27144422C1CE63600837CE4 /* FetchRecipesUITests */,
			);
		};
/* End PBXProject section */

/* Begin PBXResourcesBuildPhase section */
		E27144272C1CE63400837CE4 /* Resources */ = {
			isa = PBXResourcesBuildPhase;
			buildActionMask = 2147483647;
			files = (
				E27144342C1CE63600837CE4 /* Preview Assets.xcassets in Resources */,
				E27144312C1CE63600837CE4 /* Assets.xcassets in Resources */,
			);
			runOnlyForDeploymentPostprocessing = 0;
		};
		E27144372C1CE63600837CE4 /* Resources */ = {
			isa = PBXResourcesBuildPhase;
			buildActionMask = 2147483647;
			files = (
			);
			runOnlyForDeploymentPostprocessing = 0;
		};
		E27144412C1CE63600837CE4 /* Resources */ = {
			isa = PBXResourcesBuildPhase;
			buildActionMask = 2147483647;
			files = (
			);
			runOnlyForDeploymentPostprocessing = 0;
		};
/* End PBXResourcesBuildPhase section */

/* Begin PBXSourcesBuildPhase section */
		E27144252C1CE63400837CE4 /* Sources */ = {
			isa = PBXSourcesBuildPhase;
			buildActionMask = 2147483647;
			files = (
				E2DFBAD12C1E26590045DE7F /* RecipeListViewModel.swift in Sources */,
				E2DFBACE2C1D5E1A0045DE7F /* RecipeView.swift in Sources */,
				E2DFBAC32C1D1CDD0045DE7F /* RecipeListView.swift in Sources */,
				E271442D2C1CE63400837CE4 /* FetchRecipesApp.swift in Sources */,
				E2DFBAC92C1D23810045DE7F /* APIService.swift in Sources */,
				E2DFBAC62C1D1FF70045DE7F /* Constants.swift in Sources */,
				E2DFBACC2C1D47DC0045DE7F /* Recipe.swift in Sources */,
			);
			runOnlyForDeploymentPostprocessing = 0;
		};
		E27144352C1CE63600837CE4 /* Sources */ = {
			isa = PBXSourcesBuildPhase;
			buildActionMask = 2147483647;
			files = (
				E271443E2C1CE63600837CE4 /* FetchRecipesTests.swift in Sources */,
			);
			runOnlyForDeploymentPostprocessing = 0;
		};
		E271443F2C1CE63600837CE4 /* Sources */ = {
			isa = PBXSourcesBuildPhase;
			buildActionMask = 2147483647;
			files = (
				E27144482C1CE63600837CE4 /* FetchRecipesUITests.swift in Sources */,
				E271444A2C1CE63600837CE4 /* FetchRecipesUITestsLaunchTests.swift in Sources */,
			);
			runOnlyForDeploymentPostprocessing = 0;
		};
/* End PBXSourcesBuildPhase section */

/* Begin PBXTargetDependency section */
		E271443B2C1CE63600837CE4 /* PBXTargetDependency */ = {
			isa = PBXTargetDependency;
			target = E27144282C1CE63400837CE4 /* FetchRecipes */;
			targetProxy = E271443A2C1CE63600837CE4 /* PBXContainerItemProxy */;
		};
		E27144452C1CE63600837CE4 /* PBXTargetDependency */ = {
			isa = PBXTargetDependency;
			target = E27144282C1CE63400837CE4 /* FetchRecipes */;
			targetProxy = E27144442C1CE63600837CE4 /* PBXContainerItemProxy */;
		};
/* End PBXTargetDependency section */

/* Begin XCBuildConfiguration section */
		E271444B2C1CE63600837CE4 /* Debug */ = {
			isa = XCBuildConfiguration;
			buildSettings = {
				ALWAYS_SEARCH_USER_PATHS = NO;
				ASSETCATALOG_COMPILER_GENERATE_SWIFT_ASSET_SYMBOL_EXTENSIONS = YES;
				CLANG_ANALYZER_NONNULL = YES;
				CLANG_ANALYZER_NUMBER_OBJECT_CONVERSION = YES_AGGRESSIVE;
				CLANG_CXX_LANGUAGE_STANDARD = "gnu++20";
				CLANG_ENABLE_MODULES = YES;
				CLANG_ENABLE_OBJC_ARC = YES;
				CLANG_ENABLE_OBJC_WEAK = YES;
				CLANG_WARN_BLOCK_CAPTURE_AUTORELEASING = YES;
				CLANG_WARN_BOOL_CONVERSION = YES;
				CLANG_WARN_COMMA = YES;
				CLANG_WARN_CONSTANT_CONVERSION = YES;
				CLANG_WARN_DEPRECATED_OBJC_IMPLEMENTATIONS = YES;
				CLANG_WARN_DIRECT_OBJC_ISA_USAGE = YES_ERROR;
				CLANG_WARN_DOCUMENTATION_COMMENTS = YES;
				CLANG_WARN_EMPTY_BODY = YES;
				CLANG_WARN_ENUM_CONVERSION = YES;
				CLANG_WARN_INFINITE_RECURSION = YES;
				CLANG_WARN_INT_CONVERSION = YES;
				CLANG_WARN_NON_LITERAL_NULL_CONVERSION = YES;
				CLANG_WARN_OBJC_IMPLICIT_RETAIN_SELF = YES;
				CLANG_WARN_OBJC_LITERAL_CONVERSION = YES;
				CLANG_WARN_OBJC_ROOT_CLASS = YES_ERROR;
				CLANG_WARN_QUOTED_INCLUDE_IN_FRAMEWORK_HEADER = YES;
				CLANG_WARN_RANGE_LOOP_ANALYSIS = YES;
				CLANG_WARN_STRICT_PROTOTYPES = YES;
				CLANG_WARN_SUSPICIOUS_MOVE = YES;
				CLANG_WARN_UNGUARDED_AVAILABILITY = YES_AGGRESSIVE;
				CLANG_WARN_UNREACHABLE_CODE = YES;
				CLANG_WARN__DUPLICATE_METHOD_MATCH = YES;
				COPY_PHASE_STRIP = NO;
				DEBUG_INFORMATION_FORMAT = dwarf;
				ENABLE_STRICT_OBJC_MSGSEND = YES;
				ENABLE_TESTABILITY = YES;
				ENABLE_USER_SCRIPT_SANDBOXING = YES;
				GCC_C_LANGUAGE_STANDARD = gnu17;
				GCC_DYNAMIC_NO_PIC = NO;
				GCC_NO_COMMON_BLOCKS = YES;
				GCC_OPTIMIZATION_LEVEL = 0;
				GCC_PREPROCESSOR_DEFINITIONS = (
					"DEBUG=1",
					"$(inherited)",
				);
				GCC_WARN_64_TO_32_BIT_CONVERSION = YES;
				GCC_WARN_ABOUT_RETURN_TYPE = YES_ERROR;
				GCC_WARN_UNDECLARED_SELECTOR = YES;
				GCC_WARN_UNINITIALIZED_AUTOS = YES_AGGRESSIVE;
				GCC_WARN_UNUSED_FUNCTION = YES;
				GCC_WARN_UNUSED_VARIABLE = YES;
				IPHONEOS_DEPLOYMENT_TARGET = 17.5;
				LOCALIZATION_PREFERS_STRING_CATALOGS = YES;
				MTL_ENABLE_DEBUG_INFO = INCLUDE_SOURCE;
				MTL_FAST_MATH = YES;
				ONLY_ACTIVE_ARCH = YES;
				SDKROOT = iphoneos;
				SWIFT_ACTIVE_COMPILATION_CONDITIONS = "DEBUG $(inherited)";
				SWIFT_OPTIMIZATION_LEVEL = "-Onone";
			};
			name = Debug;
		};
		E271444C2C1CE63600837CE4 /* Release */ = {
			isa = XCBuildConfiguration;
			buildSettings = {
				ALWAYS_SEARCH_USER_PATHS = NO;
				ASSETCATALOG_COMPILER_GENERATE_SWIFT_ASSET_SYMBOL_EXTENSIONS = YES;
				CLANG_ANALYZER_NONNULL = YES;
				CLANG_ANALYZER_NUMBER_OBJECT_CONVERSION = YES_AGGRESSIVE;
				CLANG_CXX_LANGUAGE_STANDARD = "gnu++20";
				CLANG_ENABLE_MODULES = YES;
				CLANG_ENABLE_OBJC_ARC = YES;
				CLANG_ENABLE_OBJC_WEAK = YES;
				CLANG_WARN_BLOCK_CAPTURE_AUTORELEASING = YES;
				CLANG_WARN_BOOL_CONVERSION = YES;
				CLANG_WARN_COMMA = YES;
				CLANG_WARN_CONSTANT_CONVERSION = YES;
				CLANG_WARN_DEPRECATED_OBJC_IMPLEMENTATIONS = YES;
				CLANG_WARN_DIRECT_OBJC_ISA_USAGE = YES_ERROR;
				CLANG_WARN_DOCUMENTATION_COMMENTS = YES;
				CLANG_WARN_EMPTY_BODY = YES;
				CLANG_WARN_ENUM_CONVERSION = YES;
				CLANG_WARN_INFINITE_RECURSION = YES;
				CLANG_WARN_INT_CONVERSION = YES;
				CLANG_WARN_NON_LITERAL_NULL_CONVERSION = YES;
				CLANG_WARN_OBJC_IMPLICIT_RETAIN_SELF = YES;
				CLANG_WARN_OBJC_LITERAL_CONVERSION = YES;
				CLANG_WARN_OBJC_ROOT_CLASS = YES_ERROR;
				CLANG_WARN_QUOTED_INCLUDE_IN_FRAMEWORK_HEADER = YES;
				CLANG_WARN_RANGE_LOOP_ANALYSIS = YES;
				CLANG_WARN_STRICT_PROTOTYPES = YES;
				CLANG_WARN_SUSPICIOUS_MOVE = YES;
				CLANG_WARN_UNGUARDED_AVAILABILITY = YES_AGGRESSIVE;
				CLANG_WARN_UNREACHABLE_CODE = YES;
				CLANG_WARN__DUPLICATE_METHOD_MATCH = YES;
				COPY_PHASE_STRIP = NO;
				DEBUG_INFORMATION_FORMAT = "dwarf-with-dsym";
				ENABLE_NS_ASSERTIONS = NO;
				ENABLE_STRICT_OBJC_MSGSEND = YES;
				ENABLE_USER_SCRIPT_SANDBOXING = YES;
				GCC_C_LANGUAGE_STANDARD = gnu17;
				GCC_NO_COMMON_BLOCKS = YES;
				GCC_WARN_64_TO_32_BIT_CONVERSION = YES;
				GCC_WARN_ABOUT_RETURN_TYPE = YES_ERROR;
				GCC_WARN_UNDECLARED_SELECTOR = YES;
				GCC_WARN_UNINITIALIZED_AUTOS = YES_AGGRESSIVE;
				GCC_WARN_UNUSED_FUNCTION = YES;
				GCC_WARN_UNUSED_VARIABLE = YES;
				IPHONEOS_DEPLOYMENT_TARGET = 17.5;
				LOCALIZATION_PREFERS_STRING_CATALOGS = YES;
				MTL_ENABLE_DEBUG_INFO = NO;
				MTL_FAST_MATH = YES;
				SDKROOT = iphoneos;
				SWIFT_COMPILATION_MODE = wholemodule;
				VALIDATE_PRODUCT = YES;
			};
			name = Release;
		};
		E271444E2C1CE63600837CE4 /* Debug */ = {
			isa = XCBuildConfiguration;
			buildSettings = {
				ASSETCATALOG_COMPILER_APPICON_NAME = AppIcon;
				ASSETCATALOG_COMPILER_GLOBAL_ACCENT_COLOR_NAME = AccentColor;
				CODE_SIGN_STYLE = Automatic;
				CURRENT_PROJECT_VERSION = 1;
				DEVELOPMENT_ASSET_PATHS = "\"FetchRecipes/Preview Content\"";
				DEVELOPMENT_TEAM = 87KB8GFYCS;
				ENABLE_PREVIEWS = YES;
				GENERATE_INFOPLIST_FILE = YES;
				INFOPLIST_KEY_UIApplicationSceneManifest_Generation = YES;
				INFOPLIST_KEY_UIApplicationSupportsIndirectInputEvents = YES;
				INFOPLIST_KEY_UILaunchScreen_Generation = YES;
				INFOPLIST_KEY_UISupportedInterfaceOrientations_iPad = "UIInterfaceOrientationPortrait UIInterfaceOrientationPortraitUpsideDown UIInterfaceOrientationLandscapeLeft UIInterfaceOrientationLandscapeRight";
				INFOPLIST_KEY_UISupportedInterfaceOrientations_iPhone = "UIInterfaceOrientationPortrait UIInterfaceOrientationLandscapeLeft UIInterfaceOrientationLandscapeRight";
				LD_RUNPATH_SEARCH_PATHS = (
					"$(inherited)",
					"@executable_path/Frameworks",
				);
				MARKETING_VERSION = 1.0;
				PRODUCT_BUNDLE_IDENTIFIER = brando.FetchRecipes;
				PRODUCT_NAME = "$(TARGET_NAME)";
				SWIFT_EMIT_LOC_STRINGS = YES;
				SWIFT_VERSION = 5.0;
				TARGETED_DEVICE_FAMILY = "1,2";
			};
			name = Debug;
		};
		E271444F2C1CE63600837CE4 /* Release */ = {
			isa = XCBuildConfiguration;
			buildSettings = {
				ASSETCATALOG_COMPILER_APPICON_NAME = AppIcon;
				ASSETCATALOG_COMPILER_GLOBAL_ACCENT_COLOR_NAME = AccentColor;
				CODE_SIGN_STYLE = Automatic;
				CURRENT_PROJECT_VERSION = 1;
				DEVELOPMENT_ASSET_PATHS = "\"FetchRecipes/Preview Content\"";
				DEVELOPMENT_TEAM = 87KB8GFYCS;
				ENABLE_PREVIEWS = YES;
				GENERATE_INFOPLIST_FILE = YES;
				INFOPLIST_KEY_UIApplicationSceneManifest_Generation = YES;
				INFOPLIST_KEY_UIApplicationSupportsIndirectInputEvents = YES;
				INFOPLIST_KEY_UILaunchScreen_Generation = YES;
				INFOPLIST_KEY_UISupportedInterfaceOrientations_iPad = "UIInterfaceOrientationPortrait UIInterfaceOrientationPortraitUpsideDown UIInterfaceOrientationLandscapeLeft UIInterfaceOrientationLandscapeRight";
				INFOPLIST_KEY_UISupportedInterfaceOrientations_iPhone = "UIInterfaceOrientationPortrait UIInterfaceOrientationLandscapeLeft UIInterfaceOrientationLandscapeRight";
				LD_RUNPATH_SEARCH_PATHS = (
					"$(inherited)",
					"@executable_path/Frameworks",
				);
				MARKETING_VERSION = 1.0;
				PRODUCT_BUNDLE_IDENTIFIER = brando.FetchRecipes;
				PRODUCT_NAME = "$(TARGET_NAME)";
				SWIFT_EMIT_LOC_STRINGS = YES;
				SWIFT_VERSION = 5.0;
				TARGETED_DEVICE_FAMILY = "1,2";
			};
			name = Release;
		};
		E27144512C1CE63600837CE4 /* Debug */ = {
			isa = XCBuildConfiguration;
			buildSettings = {
				ALWAYS_EMBED_SWIFT_STANDARD_LIBRARIES = YES;
				BUNDLE_LOADER = "$(TEST_HOST)";
				CODE_SIGN_STYLE = Automatic;
				CURRENT_PROJECT_VERSION = 1;
				DEVELOPMENT_TEAM = 87KB8GFYCS;
				GENERATE_INFOPLIST_FILE = YES;
				IPHONEOS_DEPLOYMENT_TARGET = 17.5;
				MARKETING_VERSION = 1.0;
				PRODUCT_BUNDLE_IDENTIFIER = brando.FetchRecipesTests;
				PRODUCT_NAME = "$(TARGET_NAME)";
				SWIFT_EMIT_LOC_STRINGS = NO;
				SWIFT_VERSION = 5.0;
				TARGETED_DEVICE_FAMILY = "1,2";
				TEST_HOST = "$(BUILT_PRODUCTS_DIR)/FetchRecipes.app/$(BUNDLE_EXECUTABLE_FOLDER_PATH)/FetchRecipes";
			};
			name = Debug;
		};
		E27144522C1CE63600837CE4 /* Release */ = {
			isa = XCBuildConfiguration;
			buildSettings = {
				ALWAYS_EMBED_SWIFT_STANDARD_LIBRARIES = YES;
				BUNDLE_LOADER = "$(TEST_HOST)";
				CODE_SIGN_STYLE = Automatic;
				CURRENT_PROJECT_VERSION = 1;
				DEVELOPMENT_TEAM = 87KB8GFYCS;
				GENERATE_INFOPLIST_FILE = YES;
				IPHONEOS_DEPLOYMENT_TARGET = 17.5;
				MARKETING_VERSION = 1.0;
				PRODUCT_BUNDLE_IDENTIFIER = brando.FetchRecipesTests;
				PRODUCT_NAME = "$(TARGET_NAME)";
				SWIFT_EMIT_LOC_STRINGS = NO;
				SWIFT_VERSION = 5.0;
				TARGETED_DEVICE_FAMILY = "1,2";
				TEST_HOST = "$(BUILT_PRODUCTS_DIR)/FetchRecipes.app/$(BUNDLE_EXECUTABLE_FOLDER_PATH)/FetchRecipes";
			};
			name = Release;
		};
		E27144542C1CE63600837CE4 /* Debug */ = {
			isa = XCBuildConfiguration;
			buildSettings = {
				ALWAYS_EMBED_SWIFT_STANDARD_LIBRARIES = YES;
				CODE_SIGN_STYLE = Automatic;
				CURRENT_PROJECT_VERSION = 1;
				DEVELOPMENT_TEAM = 87KB8GFYCS;
				GENERATE_INFOPLIST_FILE = YES;
				MARKETING_VERSION = 1.0;
				PRODUCT_BUNDLE_IDENTIFIER = brando.FetchRecipesUITests;
				PRODUCT_NAME = "$(TARGET_NAME)";
				SWIFT_EMIT_LOC_STRINGS = NO;
				SWIFT_VERSION = 5.0;
				TARGETED_DEVICE_FAMILY = "1,2";
				TEST_TARGET_NAME = FetchRecipes;
			};
			name = Debug;
		};
		E27144552C1CE63600837CE4 /* Release */ = {
			isa = XCBuildConfiguration;
			buildSettings = {
				ALWAYS_EMBED_SWIFT_STANDARD_LIBRARIES = YES;
				CODE_SIGN_STYLE = Automatic;
				CURRENT_PROJECT_VERSION = 1;
				DEVELOPMENT_TEAM = 87KB8GFYCS;
				GENERATE_INFOPLIST_FILE = YES;
				MARKETING_VERSION = 1.0;
				PRODUCT_BUNDLE_IDENTIFIER = brando.FetchRecipesUITests;
				PRODUCT_NAME = "$(TARGET_NAME)";
				SWIFT_EMIT_LOC_STRINGS = NO;
				SWIFT_VERSION = 5.0;
				TARGETED_DEVICE_FAMILY = "1,2";
				TEST_TARGET_NAME = FetchRecipes;
			};
			name = Release;
		};
/* End XCBuildConfiguration section */

/* Begin XCConfigurationList section */
		E27144242C1CE63400837CE4 /* Build configuration list for PBXProject "FetchRecipes" */ = {
			isa = XCConfigurationList;
			buildConfigurations = (
				E271444B2C1CE63600837CE4 /* Debug */,
				E271444C2C1CE63600837CE4 /* Release */,
			);
			defaultConfigurationIsVisible = 0;
			defaultConfigurationName = Release;
		};
		E271444D2C1CE63600837CE4 /* Build configuration list for PBXNativeTarget "FetchRecipes" */ = {
			isa = XCConfigurationList;
			buildConfigurations = (
				E271444E2C1CE63600837CE4 /* Debug */,
				E271444F2C1CE63600837CE4 /* Release */,
			);
			defaultConfigurationIsVisible = 0;
			defaultConfigurationName = Release;
		};
		E27144502C1CE63600837CE4 /* Build configuration list for PBXNativeTarget "FetchRecipesTests" */ = {
			isa = XCConfigurationList;
			buildConfigurations = (
				E27144512C1CE63600837CE4 /* Debug */,
				E27144522C1CE63600837CE4 /* Release */,
			);
			defaultConfigurationIsVisible = 0;
			defaultConfigurationName = Release;
		};
		E27144532C1CE63600837CE4 /* Build configuration list for PBXNativeTarget "FetchRecipesUITests" */ = {
			isa = XCConfigurationList;
			buildConfigurations = (
				E27144542C1CE63600837CE4 /* Debug */,
				E27144552C1CE63600837CE4 /* Release */,
			);
			defaultConfigurationIsVisible = 0;
			defaultConfigurationName = Release;
		};
/* End XCConfigurationList section */
	};
	rootObject = E27144212C1CE63400837CE4 /* Project object */;
}
